
Microsoft Visual Studio Solution File, Format Version 12.00
# Visual Studio 15
VisualStudioVersion = 15.0.28307.1062
MinimumVisualStudioVersion = 10.0.40219.1
Project("{8BC9CEB8-8B4A-11D0-8D11-00A0C91BC942}") = "lab1yak", "lab1yak\lab1yak.vcxproj", "{D0B87B1E-BCA8-4C69-B875-6945C57175BF}"
EndProject
Global
	GlobalSection(SolutionConfigurationPlatforms) = preSolution
		Debug|x64 = Debug|x64
		Release|x64 = Release|x64
	EndGlobalSection
	GlobalSection(ProjectConfigurationPlatforms) = postSolution
		{D0B87B1E-BCA8-4C69-B875-6945C57175BF}.Debug|x64.ActiveCfg = Debug|x64
		{D0B87B1E-BCA8-4C69-B875-6945C57175BF}.Debug|x64.Build.0 = Debug|x64
		{D0B87B1E-BCA8-4C69-B875-6945C57175BF}.Release|x64.ActiveCfg = Release|x64
		{D0B87B1E-BCA8-4C69-B875-6945C57175BF}.Release|x64.Build.0 = Release|x64
	EndGlobalSection
	GlobalSection(SolutionProperties) = preSolution
		HideSolutionNode = FALSE
	EndGlobalSection
	GlobalSection(ExtensibilityGlobals) = postSolution
		SolutionGuid = {E6DBE161-F6E9-4098-B833-B5DA4A9CB99E}
	EndGlobalSection
EndGlobal
